// !$*UTF8*$!
{
	archiveVersion = 1;
	classes = {
	};
	objectVersion = 46;
	objects = {

/* Begin PBXAggregateTarget section */
		665353AF180F6C9F006EAD9E /* Mogenerator */ = {
			isa = PBXAggregateTarget;
			buildConfigurationList = 665353B0180F6C9F006EAD9E /* Build configuration list for PBXAggregateTarget "Mogenerator" */;
			buildPhases = (
				665353B3180F6CB5006EAD9E /* ShellScript */,
			);
			dependencies = (
			);
			name = Mogenerator;
			productName = Mogenerator;
		};
/* End PBXAggregateTarget section */

/* Begin PBXBuildFile section */
		2AFA18386008440884A8DB9F /* libPods.a in Frameworks */ = {isa = PBXBuildFile; fileRef = 76DAF318626D452DA5714F15 /* libPods.a */; };
		665353AB180F69B4006EAD9E /* trifoldAlpha.xcdatamodeld in Sources */ = {isa = PBXBuildFile; fileRef = 665353A9180F69B4006EAD9E /* trifoldAlpha.xcdatamodeld */; };
		665353B8180F6DBF006EAD9E /* _TFAMovie.m in Sources */ = {isa = PBXBuildFile; fileRef = 665353B5180F6DBF006EAD9E /* _TFAMovie.m */; };
		665353B9180F6DBF006EAD9E /* TFAMovie.m in Sources */ = {isa = PBXBuildFile; fileRef = 665353B7180F6DBF006EAD9E /* TFAMovie.m */; };
		66A35F301815192400A1AB34 /* TFAApiClient.m in Sources */ = {isa = PBXBuildFile; fileRef = 66A35F2F1815192400A1AB34 /* TFAApiClient.m */; };
		66B1C34D180E96EA00E02842 /* Foundation.framework in Frameworks */ = {isa = PBXBuildFile; fileRef = 66B1C34C180E96EA00E02842 /* Foundation.framework */; };
		66B1C34F180E96EA00E02842 /* CoreGraphics.framework in Frameworks */ = {isa = PBXBuildFile; fileRef = 66B1C34E180E96EA00E02842 /* CoreGraphics.framework */; };
		66B1C351180E96EA00E02842 /* UIKit.framework in Frameworks */ = {isa = PBXBuildFile; fileRef = 66B1C350180E96EA00E02842 /* UIKit.framework */; };
		66B1C357180E96EA00E02842 /* InfoPlist.strings in Resources */ = {isa = PBXBuildFile; fileRef = 66B1C355180E96EA00E02842 /* InfoPlist.strings */; };
		66B1C359180E96EA00E02842 /* main.m in Sources */ = {isa = PBXBuildFile; fileRef = 66B1C358180E96EA00E02842 /* main.m */; };
		66B1C35D180E96EA00E02842 /* TFAAppDelegate.m in Sources */ = {isa = PBXBuildFile; fileRef = 66B1C35C180E96EA00E02842 /* TFAAppDelegate.m */; };
		66B1C360180E96EA00E02842 /* Main_iPhone.storyboard in Resources */ = {isa = PBXBuildFile; fileRef = 66B1C35E180E96EA00E02842 /* Main_iPhone.storyboard */; };
		66B1C363180E96EA00E02842 /* Main_iPad.storyboard in Resources */ = {isa = PBXBuildFile; fileRef = 66B1C361180E96EA00E02842 /* Main_iPad.storyboard */; };
		66B1C366180E96EA00E02842 /* TFAViewController.m in Sources */ = {isa = PBXBuildFile; fileRef = 66B1C365180E96EA00E02842 /* TFAViewController.m */; };
		66B1C368180E96EA00E02842 /* Images.xcassets in Resources */ = {isa = PBXBuildFile; fileRef = 66B1C367180E96EA00E02842 /* Images.xcassets */; };
		66B1C36F180E96EA00E02842 /* XCTest.framework in Frameworks */ = {isa = PBXBuildFile; fileRef = 66B1C36E180E96EA00E02842 /* XCTest.framework */; };
		66B1C370180E96EA00E02842 /* Foundation.framework in Frameworks */ = {isa = PBXBuildFile; fileRef = 66B1C34C180E96EA00E02842 /* Foundation.framework */; };
		66B1C371180E96EA00E02842 /* UIKit.framework in Frameworks */ = {isa = PBXBuildFile; fileRef = 66B1C350180E96EA00E02842 /* UIKit.framework */; };
		66B1C379180E96EA00E02842 /* InfoPlist.strings in Resources */ = {isa = PBXBuildFile; fileRef = 66B1C377180E96EA00E02842 /* InfoPlist.strings */; };
		66B1C37B180E96EA00E02842 /* trifoldAlphaTests.m in Sources */ = {isa = PBXBuildFile; fileRef = 66B1C37A180E96EA00E02842 /* trifoldAlphaTests.m */; };
/* End PBXBuildFile section */

/* Begin PBXContainerItemProxy section */
		66B1C372180E96EA00E02842 /* PBXContainerItemProxy */ = {
			isa = PBXContainerItemProxy;
			containerPortal = 66B1C341180E96EA00E02842 /* Project object */;
			proxyType = 1;
			remoteGlobalIDString = 66B1C348180E96EA00E02842;
			remoteInfo = trifoldAlpha;
		};
/* End PBXContainerItemProxy section */

/* Begin PBXFileReference section */
		288869D8786F4A898D891655 /* Pods.xcconfig */ = {isa = PBXFileReference; includeInIndex = 1; lastKnownFileType = text.xcconfig; name = Pods.xcconfig; path = Pods/Pods.xcconfig; sourceTree = "<group>"; };
		665353AA180F69B4006EAD9E /* trifoldAlpha.xcdatamodel */ = {isa = PBXFileReference; lastKnownFileType = wrapper.xcdatamodel; path = trifoldAlpha.xcdatamodel; sourceTree = "<group>"; };
		665353B4180F6DBF006EAD9E /* _TFAMovie.h */ = {isa = PBXFileReference; fileEncoding = 4; lastKnownFileType = sourcecode.c.h; name = _TFAMovie.h; path = trifoldAlpha/_TFAMovie.h; sourceTree = "<group>"; };
		665353B5180F6DBF006EAD9E /* _TFAMovie.m */ = {isa = PBXFileReference; fileEncoding = 4; lastKnownFileType = sourcecode.c.objc; name = _TFAMovie.m; path = trifoldAlpha/_TFAMovie.m; sourceTree = "<group>"; };
		665353B6180F6DBF006EAD9E /* TFAMovie.h */ = {isa = PBXFileReference; fileEncoding = 4; lastKnownFileType = sourcecode.c.h; name = TFAMovie.h; path = trifoldAlpha/TFAMovie.h; sourceTree = "<group>"; };
		665353B7180F6DBF006EAD9E /* TFAMovie.m */ = {isa = PBXFileReference; fileEncoding = 4; lastKnownFileType = sourcecode.c.objc; name = TFAMovie.m; path = trifoldAlpha/TFAMovie.m; sourceTree = "<group>"; };
		665353BA180F7FB5006EAD9E /* README.md */ = {isa = PBXFileReference; lastKnownFileType = text; path = README.md; sourceTree = "<group>"; };
		66A35F2E1815192400A1AB34 /* TFAApiClient.h */ = {isa = PBXFileReference; fileEncoding = 4; lastKnownFileType = sourcecode.c.h; path = TFAApiClient.h; sourceTree = "<group>"; };
		66A35F2F1815192400A1AB34 /* TFAApiClient.m */ = {isa = PBXFileReference; fileEncoding = 4; lastKnownFileType = sourcecode.c.objc; path = TFAApiClient.m; sourceTree = "<group>"; };
		66B1C349180E96EA00E02842 /* trifoldAlpha.app */ = {isa = PBXFileReference; explicitFileType = wrapper.application; includeInIndex = 0; path = trifoldAlpha.app; sourceTree = BUILT_PRODUCTS_DIR; };
		66B1C34C180E96EA00E02842 /* Foundation.framework */ = {isa = PBXFileReference; lastKnownFileType = wrapper.framework; name = Foundation.framework; path = System/Library/Frameworks/Foundation.framework; sourceTree = SDKROOT; };
		66B1C34E180E96EA00E02842 /* CoreGraphics.framework */ = {isa = PBXFileReference; lastKnownFileType = wrapper.framework; name = CoreGraphics.framework; path = System/Library/Frameworks/CoreGraphics.framework; sourceTree = SDKROOT; };
		66B1C350180E96EA00E02842 /* UIKit.framework */ = {isa = PBXFileReference; lastKnownFileType = wrapper.framework; name = UIKit.framework; path = System/Library/Frameworks/UIKit.framework; sourceTree = SDKROOT; };
		66B1C354180E96EA00E02842 /* trifoldAlpha-Info.plist */ = {isa = PBXFileReference; lastKnownFileType = text.plist.xml; path = "trifoldAlpha-Info.plist"; sourceTree = "<group>"; };
		66B1C356180E96EA00E02842 /* en */ = {isa = PBXFileReference; lastKnownFileType = text.plist.strings; name = en; path = en.lproj/InfoPlist.strings; sourceTree = "<group>"; };
		66B1C358180E96EA00E02842 /* main.m */ = {isa = PBXFileReference; lastKnownFileType = sourcecode.c.objc; path = main.m; sourceTree = "<group>"; };
		66B1C35A180E96EA00E02842 /* trifoldAlpha-Prefix.pch */ = {isa = PBXFileReference; lastKnownFileType = sourcecode.c.h; path = "trifoldAlpha-Prefix.pch"; sourceTree = "<group>"; };
		66B1C35B180E96EA00E02842 /* TFAAppDelegate.h */ = {isa = PBXFileReference; lastKnownFileType = sourcecode.c.h; path = TFAAppDelegate.h; sourceTree = "<group>"; };
		66B1C35C180E96EA00E02842 /* TFAAppDelegate.m */ = {isa = PBXFileReference; lastKnownFileType = sourcecode.c.objc; path = TFAAppDelegate.m; sourceTree = "<group>"; };
		66B1C35F180E96EA00E02842 /* Base */ = {isa = PBXFileReference; lastKnownFileType = file.storyboard; name = Base; path = Base.lproj/Main_iPhone.storyboard; sourceTree = "<group>"; };
		66B1C362180E96EA00E02842 /* Base */ = {isa = PBXFileReference; lastKnownFileType = file.storyboard; name = Base; path = Base.lproj/Main_iPad.storyboard; sourceTree = "<group>"; };
		66B1C364180E96EA00E02842 /* TFAViewController.h */ = {isa = PBXFileReference; lastKnownFileType = sourcecode.c.h; path = TFAViewController.h; sourceTree = "<group>"; };
		66B1C365180E96EA00E02842 /* TFAViewController.m */ = {isa = PBXFileReference; lastKnownFileType = sourcecode.c.objc; path = TFAViewController.m; sourceTree = "<group>"; };
		66B1C367180E96EA00E02842 /* Images.xcassets */ = {isa = PBXFileReference; lastKnownFileType = folder.assetcatalog; path = Images.xcassets; sourceTree = "<group>"; };
		66B1C36D180E96EA00E02842 /* trifoldAlphaTests.xctest */ = {isa = PBXFileReference; explicitFileType = wrapper.cfbundle; includeInIndex = 0; path = trifoldAlphaTests.xctest; sourceTree = BUILT_PRODUCTS_DIR; };
		66B1C36E180E96EA00E02842 /* XCTest.framework */ = {isa = PBXFileReference; lastKnownFileType = wrapper.framework; name = XCTest.framework; path = Library/Frameworks/XCTest.framework; sourceTree = DEVELOPER_DIR; };
		66B1C376180E96EA00E02842 /* trifoldAlphaTests-Info.plist */ = {isa = PBXFileReference; lastKnownFileType = text.plist.xml; path = "trifoldAlphaTests-Info.plist"; sourceTree = "<group>"; };
		66B1C378180E96EA00E02842 /* en */ = {isa = PBXFileReference; lastKnownFileType = text.plist.strings; name = en; path = en.lproj/InfoPlist.strings; sourceTree = "<group>"; };
		66B1C37A180E96EA00E02842 /* trifoldAlphaTests.m */ = {isa = PBXFileReference; lastKnownFileType = sourcecode.c.objc; path = trifoldAlphaTests.m; sourceTree = "<group>"; };
		76DAF318626D452DA5714F15 /* libPods.a */ = {isa = PBXFileReference; explicitFileType = archive.ar; includeInIndex = 0; path = libPods.a; sourceTree = BUILT_PRODUCTS_DIR; };
/* End PBXFileReference section */

/* Begin PBXFrameworksBuildPhase section */
		66B1C346180E96EA00E02842 /* Frameworks */ = {
			isa = PBXFrameworksBuildPhase;
			buildActionMask = 2147483647;
			files = (
				66B1C34F180E96EA00E02842 /* CoreGraphics.framework in Frameworks */,
				66B1C351180E96EA00E02842 /* UIKit.framework in Frameworks */,
				66B1C34D180E96EA00E02842 /* Foundation.framework in Frameworks */,
				2AFA18386008440884A8DB9F /* libPods.a in Frameworks */,
			);
			runOnlyForDeploymentPostprocessing = 0;
		};
		66B1C36A180E96EA00E02842 /* Frameworks */ = {
			isa = PBXFrameworksBuildPhase;
			buildActionMask = 2147483647;
			files = (
				66B1C36F180E96EA00E02842 /* XCTest.framework in Frameworks */,
				66B1C371180E96EA00E02842 /* UIKit.framework in Frameworks */,
				66B1C370180E96EA00E02842 /* Foundation.framework in Frameworks */,
			);
			runOnlyForDeploymentPostprocessing = 0;
		};
/* End PBXFrameworksBuildPhase section */

/* Begin PBXGroup section */
		66B1C340180E96EA00E02842 = {
			isa = PBXGroup;
			children = (
				66B1C352180E96EA00E02842 /* trifoldAlpha */,
				66B1C374180E96EA00E02842 /* trifoldAlphaTests */,
				66B1C34B180E96EA00E02842 /* Frameworks */,
				66B1C34A180E96EA00E02842 /* Products */,
				288869D8786F4A898D891655 /* Pods.xcconfig */,
			);
			sourceTree = "<group>";
		};
		66B1C34A180E96EA00E02842 /* Products */ = {
			isa = PBXGroup;
			children = (
				66B1C349180E96EA00E02842 /* trifoldAlpha.app */,
				66B1C36D180E96EA00E02842 /* trifoldAlphaTests.xctest */,
			);
			name = Products;
			sourceTree = "<group>";
		};
		66B1C34B180E96EA00E02842 /* Frameworks */ = {
			isa = PBXGroup;
			children = (
				66B1C34C180E96EA00E02842 /* Foundation.framework */,
				66B1C34E180E96EA00E02842 /* CoreGraphics.framework */,
				66B1C350180E96EA00E02842 /* UIKit.framework */,
				66B1C36E180E96EA00E02842 /* XCTest.framework */,
				76DAF318626D452DA5714F15 /* libPods.a */,
			);
			name = Frameworks;
			sourceTree = "<group>";
		};
		66B1C352180E96EA00E02842 /* trifoldAlpha */ = {
			isa = PBXGroup;
			children = (
				66B1C35B180E96EA00E02842 /* TFAAppDelegate.h */,
				66B1C35C180E96EA00E02842 /* TFAAppDelegate.m */,
				66B1C35E180E96EA00E02842 /* Main_iPhone.storyboard */,
				66B1C361180E96EA00E02842 /* Main_iPad.storyboard */,
				66B1C364180E96EA00E02842 /* TFAViewController.h */,
				66B1C365180E96EA00E02842 /* TFAViewController.m */,
				665353A9180F69B4006EAD9E /* trifoldAlpha.xcdatamodeld */,
				665353B4180F6DBF006EAD9E /* _TFAMovie.h */,
				665353B5180F6DBF006EAD9E /* _TFAMovie.m */,
				665353B6180F6DBF006EAD9E /* TFAMovie.h */,
				665353B7180F6DBF006EAD9E /* TFAMovie.m */,
				66A35F2E1815192400A1AB34 /* TFAApiClient.h */,
				66A35F2F1815192400A1AB34 /* TFAApiClient.m */,
				665353BA180F7FB5006EAD9E /* README.md */,
				66B1C367180E96EA00E02842 /* Images.xcassets */,
				66B1C353180E96EA00E02842 /* Supporting Files */,
			);
			path = trifoldAlpha;
			sourceTree = "<group>";
		};
		66B1C353180E96EA00E02842 /* Supporting Files */ = {
			isa = PBXGroup;
			children = (
				66B1C354180E96EA00E02842 /* trifoldAlpha-Info.plist */,
				66B1C355180E96EA00E02842 /* InfoPlist.strings */,
				66B1C358180E96EA00E02842 /* main.m */,
				66B1C35A180E96EA00E02842 /* trifoldAlpha-Prefix.pch */,
			);
			name = "Supporting Files";
			sourceTree = "<group>";
		};
		66B1C374180E96EA00E02842 /* trifoldAlphaTests */ = {
			isa = PBXGroup;
			children = (
				66B1C37A180E96EA00E02842 /* trifoldAlphaTests.m */,
				66B1C375180E96EA00E02842 /* Supporting Files */,
			);
			path = trifoldAlphaTests;
			sourceTree = "<group>";
		};
		66B1C375180E96EA00E02842 /* Supporting Files */ = {
			isa = PBXGroup;
			children = (
				66B1C376180E96EA00E02842 /* trifoldAlphaTests-Info.plist */,
				66B1C377180E96EA00E02842 /* InfoPlist.strings */,
			);
			name = "Supporting Files";
			sourceTree = "<group>";
		};
/* End PBXGroup section */

/* Begin PBXNativeTarget section */
		66B1C348180E96EA00E02842 /* trifoldAlpha */ = {
			isa = PBXNativeTarget;
			buildConfigurationList = 66B1C37E180E96EA00E02842 /* Build configuration list for PBXNativeTarget "trifoldAlpha" */;
			buildPhases = (
				78E5EF5A0739471686862100 /* Check Pods Manifest.lock */,
				66B1C345180E96EA00E02842 /* Sources */,
				66B1C346180E96EA00E02842 /* Frameworks */,
				66B1C347180E96EA00E02842 /* Resources */,
				4AD2B70D85264C18873AB2A3 /* Copy Pods Resources */,
			);
			buildRules = (
			);
			dependencies = (
			);
			name = trifoldAlpha;
			productName = trifoldAlpha;
			productReference = 66B1C349180E96EA00E02842 /* trifoldAlpha.app */;
			productType = "com.apple.product-type.application";
		};
		66B1C36C180E96EA00E02842 /* trifoldAlphaTests */ = {
			isa = PBXNativeTarget;
			buildConfigurationList = 66B1C381180E96EA00E02842 /* Build configuration list for PBXNativeTarget "trifoldAlphaTests" */;
			buildPhases = (
				66B1C369180E96EA00E02842 /* Sources */,
				66B1C36A180E96EA00E02842 /* Frameworks */,
				66B1C36B180E96EA00E02842 /* Resources */,
			);
			buildRules = (
			);
			dependencies = (
				66B1C373180E96EA00E02842 /* PBXTargetDependency */,
			);
			name = trifoldAlphaTests;
			productName = trifoldAlphaTests;
			productReference = 66B1C36D180E96EA00E02842 /* trifoldAlphaTests.xctest */;
			productType = "com.apple.product-type.bundle.unit-test";
		};
/* End PBXNativeTarget section */

/* Begin PBXProject section */
		66B1C341180E96EA00E02842 /* Project object */ = {
			isa = PBXProject;
			attributes = {
				CLASSPREFIX = TFA;
				LastUpgradeCheck = 0500;
				ORGANIZATIONNAME = "Bionic Monocle";
				TargetAttributes = {
					66B1C36C180E96EA00E02842 = {
						TestTargetID = 66B1C348180E96EA00E02842;
					};
				};
			};
			buildConfigurationList = 66B1C344180E96EA00E02842 /* Build configuration list for PBXProject "trifoldAlpha" */;
			compatibilityVersion = "Xcode 3.2";
			developmentRegion = English;
			hasScannedForEncodings = 0;
			knownRegions = (
				en,
				Base,
			);
			mainGroup = 66B1C340180E96EA00E02842;
			productRefGroup = 66B1C34A180E96EA00E02842 /* Products */;
			projectDirPath = "";
			projectRoot = "";
			targets = (
				66B1C348180E96EA00E02842 /* trifoldAlpha */,
				66B1C36C180E96EA00E02842 /* trifoldAlphaTests */,
				665353AF180F6C9F006EAD9E /* Mogenerator */,
			);
		};
/* End PBXProject section */

/* Begin PBXResourcesBuildPhase section */
		66B1C347180E96EA00E02842 /* Resources */ = {
			isa = PBXResourcesBuildPhase;
			buildActionMask = 2147483647;
			files = (
				66B1C363180E96EA00E02842 /* Main_iPad.storyboard in Resources */,
				66B1C368180E96EA00E02842 /* Images.xcassets in Resources */,
				66B1C360180E96EA00E02842 /* Main_iPhone.storyboard in Resources */,
				66B1C357180E96EA00E02842 /* InfoPlist.strings in Resources */,
			);
			runOnlyForDeploymentPostprocessing = 0;
		};
		66B1C36B180E96EA00E02842 /* Resources */ = {
			isa = PBXResourcesBuildPhase;
			buildActionMask = 2147483647;
			files = (
				66B1C379180E96EA00E02842 /* InfoPlist.strings in Resources */,
			);
			runOnlyForDeploymentPostprocessing = 0;
		};
/* End PBXResourcesBuildPhase section */

/* Begin PBXShellScriptBuildPhase section */
		4AD2B70D85264C18873AB2A3 /* Copy Pods Resources */ = {
			isa = PBXShellScriptBuildPhase;
			buildActionMask = 2147483647;
			files = (
			);
			inputPaths = (
			);
			name = "Copy Pods Resources";
			outputPaths = (
			);
			runOnlyForDeploymentPostprocessing = 0;
			shellPath = /bin/sh;
			shellScript = "\"${SRCROOT}/Pods/Pods-resources.sh\"\n";
			showEnvVarsInLog = 0;
		};
		665353B3180F6CB5006EAD9E /* ShellScript */ = {
			isa = PBXShellScriptBuildPhase;
			buildActionMask = 2147483647;
			files = (
			);
			inputPaths = (
			);
			outputPaths = (
			);
			runOnlyForDeploymentPostprocessing = 0;
			shellPath = /bin/sh;
			shellScript = "/usr/local/bin/mogenerator -m trifoldAlpha/trifoldAlpha.xcdatamodeld/trifoldAlpha.xcdatamodel -O trifoldAlpha/trifoldAlpha --template-var arc=true";
		};
		78E5EF5A0739471686862100 /* Check Pods Manifest.lock */ = {
			isa = PBXShellScriptBuildPhase;
			buildActionMask = 2147483647;
			files = (
			);
			inputPaths = (
			);
			name = "Check Pods Manifest.lock";
			outputPaths = (
			);
			runOnlyForDeploymentPostprocessing = 0;
			shellPath = /bin/sh;
			shellScript = "diff \"${PODS_ROOT}/../Podfile.lock\" \"${PODS_ROOT}/Manifest.lock\" > /dev/null\nif [[ $? != 0 ]] ; then\n    cat << EOM\nerror: The sandbox is not in sync with the Podfile.lock. Run 'pod install' or update your CocoaPods installation.\nEOM\n    exit 1\nfi\n";
			showEnvVarsInLog = 0;
		};
/* End PBXShellScriptBuildPhase section */

/* Begin PBXSourcesBuildPhase section */
		66B1C345180E96EA00E02842 /* Sources */ = {
			isa = PBXSourcesBuildPhase;
			buildActionMask = 2147483647;
			files = (
				66B1C35D180E96EA00E02842 /* TFAAppDelegate.m in Sources */,
				66B1C366180E96EA00E02842 /* TFAViewController.m in Sources */,
				66A35F301815192400A1AB34 /* TFAApiClient.m in Sources */,
				665353B9180F6DBF006EAD9E /* TFAMovie.m in Sources */,
				66B1C359180E96EA00E02842 /* main.m in Sources */,
				665353AB180F69B4006EAD9E /* trifoldAlpha.xcdatamodeld in Sources */,
				665353B8180F6DBF006EAD9E /* _TFAMovie.m in Sources */,
			);
			runOnlyForDeploymentPostprocessing = 0;
		};
		66B1C369180E96EA00E02842 /* Sources */ = {
			isa = PBXSourcesBuildPhase;
			buildActionMask = 2147483647;
			files = (
				66B1C37B180E96EA00E02842 /* trifoldAlphaTests.m in Sources */,
			);
			runOnlyForDeploymentPostprocessing = 0;
		};
/* End PBXSourcesBuildPhase section */

/* Begin PBXTargetDependency section */
		66B1C373180E96EA00E02842 /* PBXTargetDependency */ = {
			isa = PBXTargetDependency;
			target = 66B1C348180E96EA00E02842 /* trifoldAlpha */;
			targetProxy = 66B1C372180E96EA00E02842 /* PBXContainerItemProxy */;
		};
/* End PBXTargetDependency section */

/* Begin PBXVariantGroup section */
		66B1C355180E96EA00E02842 /* InfoPlist.strings */ = {
			isa = PBXVariantGroup;
			children = (
				66B1C356180E96EA00E02842 /* en */,
			);
			name = InfoPlist.strings;
			sourceTree = "<group>";
		};
		66B1C35E180E96EA00E02842 /* Main_iPhone.storyboard */ = {
			isa = PBXVariantGroup;
			children = (
				66B1C35F180E96EA00E02842 /* Base */,
			);
			name = Main_iPhone.storyboard;
			sourceTree = "<group>";
		};
		66B1C361180E96EA00E02842 /* Main_iPad.storyboard */ = {
			isa = PBXVariantGroup;
			children = (
				66B1C362180E96EA00E02842 /* Base */,
			);
			name = Main_iPad.storyboard;
			sourceTree = "<group>";
		};
		66B1C377180E96EA00E02842 /* InfoPlist.strings */ = {
			isa = PBXVariantGroup;
			children = (
				66B1C378180E96EA00E02842 /* en */,
			);
			name = InfoPlist.strings;
			sourceTree = "<group>";
		};
/* End PBXVariantGroup section */

/* Begin XCBuildConfiguration section */
		665353B1180F6C9F006EAD9E /* Debug */ = {
			isa = XCBuildConfiguration;
			buildSettings = {
				PRODUCT_NAME = "$(TARGET_NAME)";
			};
			name = Debug;
		};
		665353B2180F6C9F006EAD9E /* Release */ = {
			isa = XCBuildConfiguration;
			buildSettings = {
				PRODUCT_NAME = "$(TARGET_NAME)";
			};
			name = Release;
		};
		66B1C37C180E96EA00E02842 /* Debug */ = {
			isa = XCBuildConfiguration;
			buildSettings = {
				ALWAYS_SEARCH_USER_PATHS = NO;
				ARCHS = "$(ARCHS_STANDARD_INCLUDING_64_BIT)";
				CLANG_CXX_LANGUAGE_STANDARD = "gnu++0x";
				CLANG_CXX_LIBRARY = "libc++";
				CLANG_ENABLE_MODULES = YES;
				CLANG_ENABLE_OBJC_ARC = YES;
				CLANG_WARN_BOOL_CONVERSION = YES;
				CLANG_WARN_CONSTANT_CONVERSION = YES;
				CLANG_WARN_DIRECT_OBJC_ISA_USAGE = YES_ERROR;
				CLANG_WARN_EMPTY_BODY = YES;
				CLANG_WARN_ENUM_CONVERSION = YES;
				CLANG_WARN_INT_CONVERSION = YES;
				CLANG_WARN_OBJC_ROOT_CLASS = YES_ERROR;
				CLANG_WARN__DUPLICATE_METHOD_MATCH = YES;
				"CODE_SIGN_IDENTITY[sdk=iphoneos*]" = "iPhone Developer";
				COPY_PHASE_STRIP = NO;
				GCC_C_LANGUAGE_STANDARD = gnu99;
				GCC_DYNAMIC_NO_PIC = NO;
				GCC_OPTIMIZATION_LEVEL = 0;
				GCC_PREPROCESSOR_DEFINITIONS = (
					"DEBUG=1",
					"$(inherited)",
				);
				GCC_SYMBOLS_PRIVATE_EXTERN = NO;
				GCC_WARN_64_TO_32_BIT_CONVERSION = YES;
				GCC_WARN_ABOUT_RETURN_TYPE = YES_ERROR;
				GCC_WARN_UNDECLARED_SELECTOR = YES;
				GCC_WARN_UNINITIALIZED_AUTOS = YES;
				GCC_WARN_UNUSED_FUNCTION = YES;
				GCC_WARN_UNUSED_VARIABLE = YES;
				IPHONEOS_DEPLOYMENT_TARGET = 7.0;
				ONLY_ACTIVE_ARCH = YES;
				SDKROOT = iphoneos;
				TARGETED_DEVICE_FAMILY = "1,2";
				USER_HEADER_SEARCH_PATHS = "$PROJECT_DIR/**";
			};
			name = Debug;
		};
		66B1C37D180E96EA00E02842 /* Release */ = {
			isa = XCBuildConfiguration;
			buildSettings = {
				ALWAYS_SEARCH_USER_PATHS = NO;
				ARCHS = "$(ARCHS_STANDARD_INCLUDING_64_BIT)";
				CLANG_CXX_LANGUAGE_STANDARD = "gnu++0x";
				CLANG_CXX_LIBRARY = "libc++";
				CLANG_ENABLE_MODULES = YES;
				CLANG_ENABLE_OBJC_ARC = YES;
				CLANG_WARN_BOOL_CONVERSION = YES;
				CLANG_WARN_CONSTANT_CONVERSION = YES;
				CLANG_WARN_DIRECT_OBJC_ISA_USAGE = YES_ERROR;
				CLANG_WARN_EMPTY_BODY = YES;
				CLANG_WARN_ENUM_CONVERSION = YES;
				CLANG_WARN_INT_CONVERSION = YES;
				CLANG_WARN_OBJC_ROOT_CLASS = YES_ERROR;
				CLANG_WARN__DUPLICATE_METHOD_MATCH = YES;
				"CODE_SIGN_IDENTITY[sdk=iphoneos*]" = "iPhone Developer";
				COPY_PHASE_STRIP = YES;
				ENABLE_NS_ASSERTIONS = NO;
				GCC_C_LANGUAGE_STANDARD = gnu99;
				GCC_WARN_64_TO_32_BIT_CONVERSION = YES;
				GCC_WARN_ABOUT_RETURN_TYPE = YES_ERROR;
				GCC_WARN_UNDECLARED_SELECTOR = YES;
				GCC_WARN_UNINITIALIZED_AUTOS = YES;
				GCC_WARN_UNUSED_FUNCTION = YES;
				GCC_WARN_UNUSED_VARIABLE = YES;
				IPHONEOS_DEPLOYMENT_TARGET = 7.0;
				SDKROOT = iphoneos;
				TARGETED_DEVICE_FAMILY = "1,2";
				USER_HEADER_SEARCH_PATHS = "$PROJECT_DIR/**";
				VALIDATE_PRODUCT = YES;
			};
			name = Release;
		};
		66B1C37F180E96EA00E02842 /* Debug */ = {
			isa = XCBuildConfiguration;
			baseConfigurationReference = 288869D8786F4A898D891655 /* Pods.xcconfig */;
			buildSettings = {
				ASSETCATALOG_COMPILER_APPICON_NAME = AppIcon;
				ASSETCATALOG_COMPILER_LAUNCHIMAGE_NAME = LaunchImage;
				GCC_PRECOMPILE_PREFIX_HEADER = YES;
				GCC_PREFIX_HEADER = "trifoldAlpha/trifoldAlpha-Prefix.pch";
				INFOPLIST_FILE = "trifoldAlpha/trifoldAlpha-Info.plist";
				PRODUCT_NAME = "$(TARGET_NAME)";
				WRAPPER_EXTENSION = app;
			};
			name = Debug;
		};
		66B1C380180E96EA00E02842 /* Release */ = {
			isa = XCBuildConfiguration;
			baseConfigurationReference = 288869D8786F4A898D891655 /* Pods.xcconfig */;
			buildSettings = {
				ASSETCATALOG_COMPILER_APPICON_NAME = AppIcon;
				ASSETCATALOG_COMPILER_LAUNCHIMAGE_NAME = LaunchImage;
				GCC_PRECOMPILE_PREFIX_HEADER = YES;
				GCC_PREFIX_HEADER = "trifoldAlpha/trifoldAlpha-Prefix.pch";
				INFOPLIST_FILE = "trifoldAlpha/trifoldAlpha-Info.plist";
				PRODUCT_NAME = "$(TARGET_NAME)";
				WRAPPER_EXTENSION = app;
			};
			name = Release;
		};
		66B1C382180E96EA00E02842 /* Debug */ = {
			isa = XCBuildConfiguration;
			buildSettings = {
				ARCHS = "$(ARCHS_STANDARD_INCLUDING_64_BIT)";
				BUNDLE_LOADER = "$(BUILT_PRODUCTS_DIR)/trifoldAlpha.app/trifoldAlpha";
				FRAMEWORK_SEARCH_PATHS = (
					"$(SDKROOT)/Developer/Library/Frameworks",
					"$(inherited)",
					"$(DEVELOPER_FRAMEWORKS_DIR)",
				);
				GCC_PRECOMPILE_PREFIX_HEADER = YES;
				GCC_PREFIX_HEADER = "trifoldAlpha/trifoldAlpha-Prefix.pch";
				GCC_PREPROCESSOR_DEFINITIONS = (
					"DEBUG=1",
					"$(inherited)",
				);
				INFOPLIST_FILE = "trifoldAlphaTests/trifoldAlphaTests-Info.plist";
				PRODUCT_NAME = "$(TARGET_NAME)";
				TEST_HOST = "$(BUNDLE_LOADER)";
				WRAPPER_EXTENSION = xctest;
			};
			name = Debug;
		};
		66B1C383180E96EA00E02842 /* Release */ = {
			isa = XCBuildConfiguration;
			buildSettings = {
				ARCHS = "$(ARCHS_STANDARD_INCLUDING_64_BIT)";
				BUNDLE_LOADER = "$(BUILT_PRODUCTS_DIR)/trifoldAlpha.app/trifoldAlpha";
				FRAMEWORK_SEARCH_PATHS = (
					"$(SDKROOT)/Developer/Library/Frameworks",
					"$(inherited)",
					"$(DEVELOPER_FRAMEWORKS_DIR)",
				);
				GCC_PRECOMPILE_PREFIX_HEADER = YES;
				GCC_PREFIX_HEADER = "trifoldAlpha/trifoldAlpha-Prefix.pch";
				INFOPLIST_FILE = "trifoldAlphaTests/trifoldAlphaTests-Info.plist";
				PRODUCT_NAME = "$(TARGET_NAME)";
				TEST_HOST = "$(BUNDLE_LOADER)";
				WRAPPER_EXTENSION = xctest;
			};
			name = Release;
		};
/* End XCBuildConfiguration section */

/* Begin XCConfigurationList section */
		665353B0180F6C9F006EAD9E /* Build configuration list for PBXAggregateTarget "Mogenerator" */ = {
			isa = XCConfigurationList;
			buildConfigurations = (
				665353B1180F6C9F006EAD9E /* Debug */,
				665353B2180F6C9F006EAD9E /* Release */,
			);
			defaultConfigurationIsVisible = 0;
			defaultConfigurationName = Release;
		};
		66B1C344180E96EA00E02842 /* Build configuration list for PBXProject "trifoldAlpha" */ = {
			isa = XCConfigurationList;
			buildConfigurations = (
				66B1C37C180E96EA00E02842 /* Debug */,
				66B1C37D180E96EA00E02842 /* Release */,
			);
			defaultConfigurationIsVisible = 0;
			defaultConfigurationName = Release;
		};
		66B1C37E180E96EA00E02842 /* Build configuration list for PBXNativeTarget "trifoldAlpha" */ = {
			isa = XCConfigurationList;
			buildConfigurations = (
				66B1C37F180E96EA00E02842 /* Debug */,
				66B1C380180E96EA00E02842 /* Release */,
			);
			defaultConfigurationIsVisible = 0;
			defaultConfigurationName = Release;
		};
		66B1C381180E96EA00E02842 /* Build configuration list for PBXNativeTarget "trifoldAlphaTests" */ = {
			isa = XCConfigurationList;
			buildConfigurations = (
				66B1C382180E96EA00E02842 /* Debug */,
				66B1C383180E96EA00E02842 /* Release */,
			);
			defaultConfigurationIsVisible = 0;
			defaultConfigurationName = Release;
		};
/* End XCConfigurationList section */

/* Begin XCVersionGroup section */
		665353A9180F69B4006EAD9E /* trifoldAlpha.xcdatamodeld */ = {
			isa = XCVersionGroup;
			children = (
				665353AA180F69B4006EAD9E /* trifoldAlpha.xcdatamodel */,
			);
			currentVersion = 665353AA180F69B4006EAD9E /* trifoldAlpha.xcdatamodel */;
			path = trifoldAlpha.xcdatamodeld;
			sourceTree = "<group>";
			versionGroupType = wrapper.xcdatamodel;
		};
/* End XCVersionGroup section */
	};
	rootObject = 66B1C341180E96EA00E02842 /* Project object */;
}
